
Microsoft Visual Studio Solution File, Format Version 12.00
# Visual Studio 14
VisualStudioVersion = 14.0.25420.1
MinimumVisualStudioVersion = 10.0.40219.1
Project("{FAE04EC0-301F-11D3-BF4B-00C04F79EFBC}") = "BWCAJournal", "BWCAJournal\BWCAJournal\BWCAJournal.csproj", "{73D2F9E8-D022-4177-B841-85ADDDE37BCA}"
EndProject
Project("{FAE04EC0-301F-11D3-BF4B-00C04F79EFBC}") = "BWCAJournal.Droid", "BWCAJournal\BWCAJournal.Droid\BWCAJournal.Droid.csproj", "{995FAE2E-B883-48B1-820C-FF6959E47C82}"
EndProject
Project("{FAE04EC0-301F-11D3-BF4B-00C04F79EFBC}") = "BWCAJournal.iOS", "BWCAJournal\BWCAJournal.iOS\BWCAJournal.iOS.csproj", "{1284F030-210A-461C-994A-268095715D3E}"
EndProject
Project("{FAE04EC0-301F-11D3-BF4B-00C04F79EFBC}") = "BWCAJournal.WinPhone", "BWCAJournal\BWCAJournal.WinPhone\BWCAJournal.WinPhone.csproj", "{6F122052-8D94-4D1A-880E-F706ADACDC68}"
EndProject
Project("{FAE04EC0-301F-11D3-BF4B-00C04F79EFBC}") = "BWCAJournal.Windows", "BWCAJournal\BWCAJournal.Windows\BWCAJournal.Windows.csproj", "{D64A83E3-ED37-490D-AE9E-323D5DD485C7}"
EndProject
Global
	GlobalSection(SolutionConfigurationPlatforms) = preSolution
		Ad-Hoc|Any CPU = Ad-Hoc|Any CPU
		Ad-Hoc|ARM = Ad-Hoc|ARM
		Ad-Hoc|iPhone = Ad-Hoc|iPhone
		Ad-Hoc|iPhoneSimulator = Ad-Hoc|iPhoneSimulator
		Ad-Hoc|x64 = Ad-Hoc|x64
		Ad-Hoc|x86 = Ad-Hoc|x86
		AppStore|Any CPU = AppStore|Any CPU
		AppStore|ARM = AppStore|ARM
		AppStore|iPhone = AppStore|iPhone
		AppStore|iPhoneSimulator = AppStore|iPhoneSimulator
		AppStore|x64 = AppStore|x64
		AppStore|x86 = AppStore|x86
		Debug|Any CPU = Debug|Any CPU
		Debug|ARM = Debug|ARM
		Debug|iPhone = Debug|iPhone
		Debug|iPhoneSimulator = Debug|iPhoneSimulator
		Debug|x64 = Debug|x64
		Debug|x86 = Debug|x86
		Release|Any CPU = Release|Any CPU
		Release|ARM = Release|ARM
		Release|iPhone = Release|iPhone
		Release|iPhoneSimulator = Release|iPhoneSimulator
		Release|x64 = Release|x64
		Release|x86 = Release|x86
	EndGlobalSection
	GlobalSection(ProjectConfigurationPlatforms) = postSolution
		{73D2F9E8-D022-4177-B841-85ADDDE37BCA}.Ad-Hoc|Any CPU.ActiveCfg = Release|Any CPU
		{73D2F9E8-D022-4177-B841-85ADDDE37BCA}.Ad-Hoc|Any CPU.Build.0 = Release|Any CPU
		{73D2F9E8-D022-4177-B841-85ADDDE37BCA}.Ad-Hoc|ARM.ActiveCfg = Release|Any CPU
		{73D2F9E8-D022-4177-B841-85ADDDE37BCA}.Ad-Hoc|ARM.Build.0 = Release|Any CPU
		{73D2F9E8-D022-4177-B841-85ADDDE37BCA}.Ad-Hoc|iPhone.ActiveCfg = Release|Any CPU
		{73D2F9E8-D022-4177-B841-85ADDDE37BCA}.Ad-Hoc|iPhone.Build.0 = Release|Any CPU
		{73D2F9E8-D022-4177-B841-85ADDDE37BCA}.Ad-Hoc|iPhoneSimulator.ActiveCfg = Release|Any CPU
		{73D2F9E8-D022-4177-B841-85ADDDE37BCA}.Ad-Hoc|iPhoneSimulator.Build.0 = Release|Any CPU
		{73D2F9E8-D022-4177-B841-85ADDDE37BCA}.Ad-Hoc|x64.ActiveCfg = Release|Any CPU
		{73D2F9E8-D022-4177-B841-85ADDDE37BCA}.Ad-Hoc|x64.Build.0 = Release|Any CPU
		{73D2F9E8-D022-4177-B841-85ADDDE37BCA}.Ad-Hoc|x86.ActiveCfg = Release|Any CPU
		{73D2F9E8-D022-4177-B841-85ADDDE37BCA}.Ad-Hoc|x86.Build.0 = Release|Any CPU
		{73D2F9E8-D022-4177-B841-85ADDDE37BCA}.AppStore|Any CPU.ActiveCfg = Release|Any CPU
		{73D2F9E8-D022-4177-B841-85ADDDE37BCA}.AppStore|Any CPU.Build.0 = Release|Any CPU
		{73D2F9E8-D022-4177-B841-85ADDDE37BCA}.AppStore|ARM.ActiveCfg = Release|Any CPU
		{73D2F9E8-D022-4177-B841-85ADDDE37BCA}.AppStore|ARM.Build.0 = Release|Any CPU
		{73D2F9E8-D022-4177-B841-85ADDDE37BCA}.AppStore|iPhone.ActiveCfg = Release|Any CPU
		{73D2F9E8-D022-4177-B841-85ADDDE37BCA}.AppStore|iPhone.Build.0 = Release|Any CPU
		{73D2F9E8-D022-4177-B841-85ADDDE37BCA}.AppStore|iPhoneSimulator.ActiveCfg = Release|Any CPU
		{73D2F9E8-D022-4177-B841-85ADDDE37BCA}.AppStore|iPhoneSimulator.Build.0 = Release|Any CPU
		{73D2F9E8-D022-4177-B841-85ADDDE37BCA}.AppStore|x64.ActiveCfg = Release|Any CPU
		{73D2F9E8-D022-4177-B841-85ADDDE37BCA}.AppStore|x64.Build.0 = Release|Any CPU
		{73D2F9E8-D022-4177-B841-85ADDDE37BCA}.AppStore|x86.ActiveCfg = Release|Any CPU
		{73D2F9E8-D022-4177-B841-85ADDDE37BCA}.AppStore|x86.Build.0 = Release|Any CPU
		{73D2F9E8-D022-4177-B841-85ADDDE37BCA}.Debug|Any CPU.ActiveCfg = Debug|Any CPU
		{73D2F9E8-D022-4177-B841-85ADDDE37BCA}.Debug|Any CPU.Build.0 = Debug|Any CPU
		{73D2F9E8-D022-4177-B841-85ADDDE37BCA}.Debug|ARM.ActiveCfg = Debug|Any CPU
		{73D2F9E8-D022-4177-B841-85ADDDE37BCA}.Debug|ARM.Build.0 = Debug|Any CPU
		{73D2F9E8-D022-4177-B841-85ADDDE37BCA}.Debug|iPhone.ActiveCfg = Debug|Any CPU
		{73D2F9E8-D022-4177-B841-85ADDDE37BCA}.Debug|iPhone.Build.0 = Debug|Any CPU
		{73D2F9E8-D022-4177-B841-85ADDDE37BCA}.Debug|iPhoneSimulator.ActiveCfg = Debug|Any CPU
		{73D2F9E8-D022-4177-B841-85ADDDE37BCA}.Debug|iPhoneSimulator.Build.0 = Debug|Any CPU
		{73D2F9E8-D022-4177-B841-85ADDDE37BCA}.Debug|x64.ActiveCfg = Debug|Any CPU
		{73D2F9E8-D022-4177-B841-85ADDDE37BCA}.Debug|x64.Build.0 = Debug|Any CPU
		{73D2F9E8-D022-4177-B841-85ADDDE37BCA}.Debug|x86.ActiveCfg = Debug|Any CPU
		{73D2F9E8-D022-4177-B841-85ADDDE37BCA}.Debug|x86.Build.0 = Debug|Any CPU
		{73D2F9E8-D022-4177-B841-85ADDDE37BCA}.Release|Any CPU.ActiveCfg = Release|Any CPU
		{73D2F9E8-D022-4177-B841-85ADDDE37BCA}.Release|Any CPU.Build.0 = Release|Any CPU
		{73D2F9E8-D022-4177-B841-85ADDDE37BCA}.Release|ARM.ActiveCfg = Release|Any CPU
		{73D2F9E8-D022-4177-B841-85ADDDE37BCA}.Release|ARM.Build.0 = Release|Any CPU
		{73D2F9E8-D022-4177-B841-85ADDDE37BCA}.Release|iPhone.ActiveCfg = Release|Any CPU
		{73D2F9E8-D022-4177-B841-85ADDDE37BCA}.Release|iPhone.Build.0 = Release|Any CPU
		{73D2F9E8-D022-4177-B841-85ADDDE37BCA}.Release|iPhoneSimulator.ActiveCfg = Release|Any CPU
		{73D2F9E8-D022-4177-B841-85ADDDE37BCA}.Release|iPhoneSimulator.Build.0 = Release|Any CPU
		{73D2F9E8-D022-4177-B841-85ADDDE37BCA}.Release|x64.ActiveCfg = Release|Any CPU
		{73D2F9E8-D022-4177-B841-85ADDDE37BCA}.Release|x64.Build.0 = Release|Any CPU
		{73D2F9E8-D022-4177-B841-85ADDDE37BCA}.Release|x86.ActiveCfg = Release|Any CPU
		{73D2F9E8-D022-4177-B841-85ADDDE37BCA}.Release|x86.Build.0 = Release|Any CPU
		{995FAE2E-B883-48B1-820C-FF6959E47C82}.Ad-Hoc|Any CPU.ActiveCfg = Release|Any CPU
		{995FAE2E-B883-48B1-820C-FF6959E47C82}.Ad-Hoc|Any CPU.Build.0 = Release|Any CPU
		{995FAE2E-B883-48B1-820C-FF6959E47C82}.Ad-Hoc|Any CPU.Deploy.0 = Release|Any CPU
		{995FAE2E-B883-48B1-820C-FF6959E47C82}.Ad-Hoc|ARM.ActiveCfg = Release|Any CPU
		{995FAE2E-B883-48B1-820C-FF6959E47C82}.Ad-Hoc|ARM.Build.0 = Release|Any CPU
		{995FAE2E-B883-48B1-820C-FF6959E47C82}.Ad-Hoc|ARM.Deploy.0 = Release|Any CPU
		{995FAE2E-B883-48B1-820C-FF6959E47C82}.Ad-Hoc|iPhone.ActiveCfg = Release|Any CPU
		{995FAE2E-B883-48B1-820C-FF6959E47C82}.Ad-Hoc|iPhone.Build.0 = Release|Any CPU
		{995FAE2E-B883-48B1-820C-FF6959E47C82}.Ad-Hoc|iPhone.Deploy.0 = Release|Any CPU
		{995FAE2E-B883-48B1-820C-FF6959E47C82}.Ad-Hoc|iPhoneSimulator.ActiveCfg = Release|Any CPU
		{995FAE2E-B883-48B1-820C-FF6959E47C82}.Ad-Hoc|iPhoneSimulator.Build.0 = Release|Any CPU
		{995FAE2E-B883-48B1-820C-FF6959E47C82}.Ad-Hoc|iPhoneSimulator.Deploy.0 = Release|Any CPU
		{995FAE2E-B883-48B1-820C-FF6959E47C82}.Ad-Hoc|x64.ActiveCfg = Release|Any CPU
		{995FAE2E-B883-48B1-820C-FF6959E47C82}.Ad-Hoc|x64.Build.0 = Release|Any CPU
		{995FAE2E-B883-48B1-820C-FF6959E47C82}.Ad-Hoc|x64.Deploy.0 = Release|Any CPU
		{995FAE2E-B883-48B1-820C-FF6959E47C82}.Ad-Hoc|x86.ActiveCfg = Release|Any CPU
		{995FAE2E-B883-48B1-820C-FF6959E47C82}.Ad-Hoc|x86.Build.0 = Release|Any CPU
		{995FAE2E-B883-48B1-820C-FF6959E47C82}.Ad-Hoc|x86.Deploy.0 = Release|Any CPU
		{995FAE2E-B883-48B1-820C-FF6959E47C82}.AppStore|Any CPU.ActiveCfg = Release|Any CPU
		{995FAE2E-B883-48B1-820C-FF6959E47C82}.AppStore|Any CPU.Build.0 = Release|Any CPU
		{995FAE2E-B883-48B1-820C-FF6959E47C82}.AppStore|Any CPU.Deploy.0 = Release|Any CPU
		{995FAE2E-B883-48B1-820C-FF6959E47C82}.AppStore|ARM.ActiveCfg = Release|Any CPU
		{995FAE2E-B883-48B1-820C-FF6959E47C82}.AppStore|ARM.Build.0 = Release|Any CPU
		{995FAE2E-B883-48B1-820C-FF6959E47C82}.AppStore|ARM.Deploy.0 = Release|Any CPU
		{995FAE2E-B883-48B1-820C-FF6959E47C82}.AppStore|iPhone.ActiveCfg = Release|Any CPU
		{995FAE2E-B883-48B1-820C-FF6959E47C82}.AppStore|iPhone.Build.0 = Release|Any CPU
		{995FAE2E-B883-48B1-820C-FF6959E47C82}.AppStore|iPhone.Deploy.0 = Release|Any CPU
		{995FAE2E-B883-48B1-820C-FF6959E47C82}.AppStore|iPhoneSimulator.ActiveCfg = Release|Any CPU
		{995FAE2E-B883-48B1-820C-FF6959E47C82}.AppStore|iPhoneSimulator.Build.0 = Release|Any CPU
		{995FAE2E-B883-48B1-820C-FF6959E47C82}.AppStore|iPhoneSimulator.Deploy.0 = Release|Any CPU
		{995FAE2E-B883-48B1-820C-FF6959E47C82}.AppStore|x64.ActiveCfg = Release|Any CPU
		{995FAE2E-B883-48B1-820C-FF6959E47C82}.AppStore|x64.Build.0 = Release|Any CPU
		{995FAE2E-B883-48B1-820C-FF6959E47C82}.AppStore|x64.Deploy.0 = Release|Any CPU
		{995FAE2E-B883-48B1-820C-FF6959E47C82}.AppStore|x86.ActiveCfg = Release|Any CPU
		{995FAE2E-B883-48B1-820C-FF6959E47C82}.AppStore|x86.Build.0 = Release|Any CPU
		{995FAE2E-B883-48B1-820C-FF6959E47C82}.AppStore|x86.Deploy.0 = Release|Any CPU
		{995FAE2E-B883-48B1-820C-FF6959E47C82}.Debug|Any CPU.ActiveCfg = Debug|Any CPU
		{995FAE2E-B883-48B1-820C-FF6959E47C82}.Debug|Any CPU.Build.0 = Debug|Any CPU
		{995FAE2E-B883-48B1-820C-FF6959E47C82}.Debug|Any CPU.Deploy.0 = Debug|Any CPU
		{995FAE2E-B883-48B1-820C-FF6959E47C82}.Debug|ARM.ActiveCfg = Debug|Any CPU
		{995FAE2E-B883-48B1-820C-FF6959E47C82}.Debug|ARM.Build.0 = Debug|Any CPU
		{995FAE2E-B883-48B1-820C-FF6959E47C82}.Debug|ARM.Deploy.0 = Debug|Any CPU
		{995FAE2E-B883-48B1-820C-FF6959E47C82}.Debug|iPhone.ActiveCfg = Debug|Any CPU
		{995FAE2E-B883-48B1-820C-FF6959E47C82}.Debug|iPhone.Build.0 = Debug|Any CPU
		{995FAE2E-B883-48B1-820C-FF6959E47C82}.Debug|iPhone.Deploy.0 = Debug|Any CPU
		{995FAE2E-B883-48B1-820C-FF6959E47C82}.Debug|iPhoneSimulator.ActiveCfg = Debug|Any CPU
		{995FAE2E-B883-48B1-820C-FF6959E47C82}.Debug|iPhoneSimulator.Build.0 = Debug|Any CPU
		{995FAE2E-B883-48B1-820C-FF6959E47C82}.Debug|iPhoneSimulator.Deploy.0 = Debug|Any CPU
		{995FAE2E-B883-48B1-820C-FF6959E47C82}.Debug|x64.ActiveCfg = Debug|Any CPU
		{995FAE2E-B883-48B1-820C-FF6959E47C82}.Debug|x64.Build.0 = Debug|Any CPU
		{995FAE2E-B883-48B1-820C-FF6959E47C82}.Debug|x64.Deploy.0 = Debug|Any CPU
		{995FAE2E-B883-48B1-820C-FF6959E47C82}.Debug|x86.ActiveCfg = Debug|Any CPU
		{995FAE2E-B883-48B1-820C-FF6959E47C82}.Debug|x86.Build.0 = Debug|Any CPU
		{995FAE2E-B883-48B1-820C-FF6959E47C82}.Debug|x86.Deploy.0 = Debug|Any CPU
		{995FAE2E-B883-48B1-820C-FF6959E47C82}.Release|Any CPU.ActiveCfg = Release|Any CPU
		{995FAE2E-B883-48B1-820C-FF6959E47C82}.Release|Any CPU.Build.0 = Release|Any CPU
		{995FAE2E-B883-48B1-820C-FF6959E47C82}.Release|Any CPU.Deploy.0 = Release|Any CPU
		{995FAE2E-B883-48B1-820C-FF6959E47C82}.Release|ARM.ActiveCfg = Release|Any CPU
		{995FAE2E-B883-48B1-820C-FF6959E47C82}.Release|ARM.Build.0 = Release|Any CPU
		{995FAE2E-B883-48B1-820C-FF6959E47C82}.Release|ARM.Deploy.0 = Release|Any CPU
		{995FAE2E-B883-48B1-820C-FF6959E47C82}.Release|iPhone.ActiveCfg = Release|Any CPU
		{995FAE2E-B883-48B1-820C-FF6959E47C82}.Release|iPhone.Build.0 = Release|Any CPU
		{995FAE2E-B883-48B1-820C-FF6959E47C82}.Release|iPhone.Deploy.0 = Release|Any CPU
		{995FAE2E-B883-48B1-820C-FF6959E47C82}.Release|iPhoneSimulator.ActiveCfg = Release|Any CPU
		{995FAE2E-B883-48B1-820C-FF6959E47C82}.Release|iPhoneSimulator.Build.0 = Release|Any CPU
		{995FAE2E-B883-48B1-820C-FF6959E47C82}.Release|iPhoneSimulator.Deploy.0 = Release|Any CPU
		{995FAE2E-B883-48B1-820C-FF6959E47C82}.Release|x64.ActiveCfg = Release|Any CPU
		{995FAE2E-B883-48B1-820C-FF6959E47C82}.Release|x64.Build.0 = Release|Any CPU
		{995FAE2E-B883-48B1-820C-FF6959E47C82}.Release|x64.Deploy.0 = Release|Any CPU
		{995FAE2E-B883-48B1-820C-FF6959E47C82}.Release|x86.ActiveCfg = Release|Any CPU
		{995FAE2E-B883-48B1-820C-FF6959E47C82}.Release|x86.Build.0 = Release|Any CPU
		{995FAE2E-B883-48B1-820C-FF6959E47C82}.Release|x86.Deploy.0 = Release|Any CPU
		{1284F030-210A-461C-994A-268095715D3E}.Ad-Hoc|Any CPU.ActiveCfg = Ad-Hoc|iPhone
		{1284F030-210A-461C-994A-268095715D3E}.Ad-Hoc|ARM.ActiveCfg = Ad-Hoc|iPhone
		{1284F030-210A-461C-994A-268095715D3E}.Ad-Hoc|iPhone.ActiveCfg = Ad-Hoc|iPhone
		{1284F030-210A-461C-994A-268095715D3E}.Ad-Hoc|iPhone.Build.0 = Ad-Hoc|iPhone
		{1284F030-210A-461C-994A-268095715D3E}.Ad-Hoc|iPhoneSimulator.ActiveCfg = Ad-Hoc|iPhoneSimulator
		{1284F030-210A-461C-994A-268095715D3E}.Ad-Hoc|iPhoneSimulator.Build.0 = Ad-Hoc|iPhoneSimulator
		{1284F030-210A-461C-994A-268095715D3E}.Ad-Hoc|x64.ActiveCfg = Ad-Hoc|iPhone
		{1284F030-210A-461C-994A-268095715D3E}.Ad-Hoc|x86.ActiveCfg = Ad-Hoc|iPhone
		{1284F030-210A-461C-994A-268095715D3E}.AppStore|Any CPU.ActiveCfg = AppStore|iPhone
		{1284F030-210A-461C-994A-268095715D3E}.AppStore|ARM.ActiveCfg = AppStore|iPhone
		{1284F030-210A-461C-994A-268095715D3E}.AppStore|iPhone.ActiveCfg = AppStore|iPhone
		{1284F030-210A-461C-994A-268095715D3E}.AppStore|iPhone.Build.0 = AppStore|iPhone
		{1284F030-210A-461C-994A-268095715D3E}.AppStore|iPhoneSimulator.ActiveCfg = AppStore|iPhoneSimulator
		{1284F030-210A-461C-994A-268095715D3E}.AppStore|iPhoneSimulator.Build.0 = AppStore|iPhoneSimulator
		{1284F030-210A-461C-994A-268095715D3E}.AppStore|x64.ActiveCfg = AppStore|iPhone
		{1284F030-210A-461C-994A-268095715D3E}.AppStore|x86.ActiveCfg = AppStore|iPhone
		{1284F030-210A-461C-994A-268095715D3E}.Debug|Any CPU.ActiveCfg = Debug|iPhone
		{1284F030-210A-461C-994A-268095715D3E}.Debug|ARM.ActiveCfg = Debug|iPhone
		{1284F030-210A-461C-994A-268095715D3E}.Debug|iPhone.ActiveCfg = Debug|iPhone
		{1284F030-210A-461C-994A-268095715D3E}.Debug|iPhone.Build.0 = Debug|iPhone
		{1284F030-210A-461C-994A-268095715D3E}.Debug|iPhoneSimulator.ActiveCfg = Debug|iPhoneSimulator
		{1284F030-210A-461C-994A-268095715D3E}.Debug|iPhoneSimulator.Build.0 = Debug|iPhoneSimulator
		{1284F030-210A-461C-994A-268095715D3E}.Debug|x64.ActiveCfg = Debug|iPhone
		{1284F030-210A-461C-994A-268095715D3E}.Debug|x86.ActiveCfg = Debug|iPhone
		{1284F030-210A-461C-994A-268095715D3E}.Release|Any CPU.ActiveCfg = Release|iPhone
		{1284F030-210A-461C-994A-268095715D3E}.Release|ARM.ActiveCfg = Release|iPhone
		{1284F030-210A-461C-994A-268095715D3E}.Release|iPhone.ActiveCfg = Release|iPhone
		{1284F030-210A-461C-994A-268095715D3E}.Release|iPhone.Build.0 = Release|iPhone
		{1284F030-210A-461C-994A-268095715D3E}.Release|iPhoneSimulator.ActiveCfg = Release|iPhoneSimulator
		{1284F030-210A-461C-994A-268095715D3E}.Release|iPhoneSimulator.Build.0 = Release|iPhoneSimulator
		{1284F030-210A-461C-994A-268095715D3E}.Release|x64.ActiveCfg = Release|iPhone
		{1284F030-210A-461C-994A-268095715D3E}.Release|x86.ActiveCfg = Release|iPhone
		{6F122052-8D94-4D1A-880E-F706ADACDC68}.Ad-Hoc|Any CPU.ActiveCfg = Release|Any CPU
		{6F122052-8D94-4D1A-880E-F706ADACDC68}.Ad-Hoc|Any CPU.Build.0 = Release|Any CPU
		{6F122052-8D94-4D1A-880E-F706ADACDC68}.Ad-Hoc|Any CPU.Deploy.0 = Release|Any CPU
		{6F122052-8D94-4D1A-880E-F706ADACDC68}.Ad-Hoc|ARM.ActiveCfg = Release|ARM
		{6F122052-8D94-4D1A-880E-F706ADACDC68}.Ad-Hoc|ARM.Build.0 = Release|ARM
		{6F122052-8D94-4D1A-880E-F706ADACDC68}.Ad-Hoc|ARM.Deploy.0 = Release|ARM
		{6F122052-8D94-4D1A-880E-F706ADACDC68}.Ad-Hoc|iPhone.ActiveCfg = Release|Any CPU
		{6F122052-8D94-4D1A-880E-F706ADACDC68}.Ad-Hoc|iPhone.Build.0 = Release|Any CPU
		{6F122052-8D94-4D1A-880E-F706ADACDC68}.Ad-Hoc|iPhone.Deploy.0 = Release|Any CPU
		{6F122052-8D94-4D1A-880E-F706ADACDC68}.Ad-Hoc|iPhoneSimulator.ActiveCfg = Release|Any CPU
		{6F122052-8D94-4D1A-880E-F706ADACDC68}.Ad-Hoc|iPhoneSimulator.Build.0 = Release|Any CPU
		{6F122052-8D94-4D1A-880E-F706ADACDC68}.Ad-Hoc|iPhoneSimulator.Deploy.0 = Release|Any CPU
		{6F122052-8D94-4D1A-880E-F706ADACDC68}.Ad-Hoc|x64.ActiveCfg = Release|Any CPU
		{6F122052-8D94-4D1A-880E-F706ADACDC68}.Ad-Hoc|x64.Build.0 = Release|Any CPU
		{6F122052-8D94-4D1A-880E-F706ADACDC68}.Ad-Hoc|x64.Deploy.0 = Release|Any CPU
		{6F122052-8D94-4D1A-880E-F706ADACDC68}.Ad-Hoc|x86.ActiveCfg = Release|x86
		{6F122052-8D94-4D1A-880E-F706ADACDC68}.Ad-Hoc|x86.Build.0 = Release|x86
		{6F122052-8D94-4D1A-880E-F706ADACDC68}.Ad-Hoc|x86.Deploy.0 = Release|x86
		{6F122052-8D94-4D1A-880E-F706ADACDC68}.AppStore|Any CPU.ActiveCfg = Release|Any CPU
		{6F122052-8D94-4D1A-880E-F706ADACDC68}.AppStore|Any CPU.Build.0 = Release|Any CPU
		{6F122052-8D94-4D1A-880E-F706ADACDC68}.AppStore|Any CPU.Deploy.0 = Release|Any CPU
		{6F122052-8D94-4D1A-880E-F706ADACDC68}.AppStore|ARM.ActiveCfg = Release|ARM
		{6F122052-8D94-4D1A-880E-F706ADACDC68}.AppStore|ARM.Build.0 = Release|ARM
		{6F122052-8D94-4D1A-880E-F706ADACDC68}.AppStore|ARM.Deploy.0 = Release|ARM
		{6F122052-8D94-4D1A-880E-F706ADACDC68}.AppStore|iPhone.ActiveCfg = Release|Any CPU
		{6F122052-8D94-4D1A-880E-F706ADACDC68}.AppStore|iPhone.Build.0 = Release|Any CPU
		{6F122052-8D94-4D1A-880E-F706ADACDC68}.AppStore|iPhone.Deploy.0 = Release|Any CPU
		{6F122052-8D94-4D1A-880E-F706ADACDC68}.AppStore|iPhoneSimulator.ActiveCfg = Release|Any CPU
		{6F122052-8D94-4D1A-880E-F706ADACDC68}.AppStore|iPhoneSimulator.Build.0 = Release|Any CPU
		{6F122052-8D94-4D1A-880E-F706ADACDC68}.AppStore|iPhoneSimulator.Deploy.0 = Release|Any CPU
		{6F122052-8D94-4D1A-880E-F706ADACDC68}.AppStore|x64.ActiveCfg = Release|Any CPU
		{6F122052-8D94-4D1A-880E-F706ADACDC68}.AppStore|x64.Build.0 = Release|Any CPU
		{6F122052-8D94-4D1A-880E-F706ADACDC68}.AppStore|x64.Deploy.0 = Release|Any CPU
		{6F122052-8D94-4D1A-880E-F706ADACDC68}.AppStore|x86.ActiveCfg = Release|x86
		{6F122052-8D94-4D1A-880E-F706ADACDC68}.AppStore|x86.Build.0 = Release|x86
		{6F122052-8D94-4D1A-880E-F706ADACDC68}.AppStore|x86.Deploy.0 = Release|x86
		{6F122052-8D94-4D1A-880E-F706ADACDC68}.Debug|Any CPU.ActiveCfg = Debug|Any CPU
		{6F122052-8D94-4D1A-880E-F706ADACDC68}.Debug|Any CPU.Build.0 = Debug|Any CPU
		{6F122052-8D94-4D1A-880E-F706ADACDC68}.Debug|Any CPU.Deploy.0 = Debug|Any CPU
		{6F122052-8D94-4D1A-880E-F706ADACDC68}.Debug|ARM.ActiveCfg = Debug|ARM
		{6F122052-8D94-4D1A-880E-F706ADACDC68}.Debug|ARM.Build.0 = Debug|ARM
		{6F122052-8D94-4D1A-880E-F706ADACDC68}.Debug|ARM.Deploy.0 = Debug|ARM
		{6F122052-8D94-4D1A-880E-F706ADACDC68}.Debug|iPhone.ActiveCfg = Debug|Any CPU
		{6F122052-8D94-4D1A-880E-F706ADACDC68}.Debug|iPhone.Build.0 = Debug|Any CPU
		{6F122052-8D94-4D1A-880E-F706ADACDC68}.Debug|iPhone.Deploy.0 = Debug|Any CPU
		{6F122052-8D94-4D1A-880E-F706ADACDC68}.Debug|iPhoneSimulator.ActiveCfg = Debug|Any CPU
		{6F122052-8D94-4D1A-880E-F706ADACDC68}.Debug|iPhoneSimulator.Build.0 = Debug|Any CPU
		{6F122052-8D94-4D1A-880E-F706ADACDC68}.Debug|iPhoneSimulator.Deploy.0 = Debug|Any CPU
		{6F122052-8D94-4D1A-880E-F706ADACDC68}.Debug|x64.ActiveCfg = Debug|Any CPU
		{6F122052-8D94-4D1A-880E-F706ADACDC68}.Debug|x64.Build.0 = Debug|Any CPU
		{6F122052-8D94-4D1A-880E-F706ADACDC68}.Debug|x64.Deploy.0 = Debug|Any CPU
		{6F122052-8D94-4D1A-880E-F706ADACDC68}.Debug|x86.ActiveCfg = Debug|x86
		{6F122052-8D94-4D1A-880E-F706ADACDC68}.Debug|x86.Build.0 = Debug|x86
		{6F122052-8D94-4D1A-880E-F706ADACDC68}.Debug|x86.Deploy.0 = Debug|x86
		{6F122052-8D94-4D1A-880E-F706ADACDC68}.Release|Any CPU.ActiveCfg = Release|Any CPU
		{6F122052-8D94-4D1A-880E-F706ADACDC68}.Release|Any CPU.Build.0 = Release|Any CPU
		{6F122052-8D94-4D1A-880E-F706ADACDC68}.Release|Any CPU.Deploy.0 = Release|Any CPU
		{6F122052-8D94-4D1A-880E-F706ADACDC68}.Release|ARM.ActiveCfg = Release|ARM
		{6F122052-8D94-4D1A-880E-F706ADACDC68}.Release|ARM.Build.0 = Release|ARM
		{6F122052-8D94-4D1A-880E-F706ADACDC68}.Release|ARM.Deploy.0 = Release|ARM
		{6F122052-8D94-4D1A-880E-F706ADACDC68}.Release|iPhone.ActiveCfg = Release|Any CPU
		{6F122052-8D94-4D1A-880E-F706ADACDC68}.Release|iPhone.Build.0 = Release|Any CPU
		{6F122052-8D94-4D1A-880E-F706ADACDC68}.Release|iPhone.Deploy.0 = Release|Any CPU
		{6F122052-8D94-4D1A-880E-F706ADACDC68}.Release|iPhoneSimulator.ActiveCfg = Release|Any CPU
		{6F122052-8D94-4D1A-880E-F706ADACDC68}.Release|iPhoneSimulator.Build.0 = Release|Any CPU
		{6F122052-8D94-4D1A-880E-F706ADACDC68}.Release|iPhoneSimulator.Deploy.0 = Release|Any CPU
		{6F122052-8D94-4D1A-880E-F706ADACDC68}.Release|x64.ActiveCfg = Release|Any CPU
		{6F122052-8D94-4D1A-880E-F706ADACDC68}.Release|x64.Build.0 = Release|Any CPU
		{6F122052-8D94-4D1A-880E-F706ADACDC68}.Release|x64.Deploy.0 = Release|Any CPU
		{6F122052-8D94-4D1A-880E-F706ADACDC68}.Release|x86.ActiveCfg = Release|x86
		{6F122052-8D94-4D1A-880E-F706ADACDC68}.Release|x86.Build.0 = Release|x86
		{6F122052-8D94-4D1A-880E-F706ADACDC68}.Release|x86.Deploy.0 = Release|x86
		{D64A83E3-ED37-490D-AE9E-323D5DD485C7}.Ad-Hoc|Any CPU.ActiveCfg = Release|Any CPU
		{D64A83E3-ED37-490D-AE9E-323D5DD485C7}.Ad-Hoc|Any CPU.Build.0 = Release|Any CPU
		{D64A83E3-ED37-490D-AE9E-323D5DD485C7}.Ad-Hoc|Any CPU.Deploy.0 = Release|Any CPU
		{D64A83E3-ED37-490D-AE9E-323D5DD485C7}.Ad-Hoc|ARM.ActiveCfg = Release|ARM
		{D64A83E3-ED37-490D-AE9E-323D5DD485C7}.Ad-Hoc|ARM.Build.0 = Release|ARM
		{D64A83E3-ED37-490D-AE9E-323D5DD485C7}.Ad-Hoc|ARM.Deploy.0 = Release|ARM
		{D64A83E3-ED37-490D-AE9E-323D5DD485C7}.Ad-Hoc|iPhone.ActiveCfg = Release|Any CPU
		{D64A83E3-ED37-490D-AE9E-323D5DD485C7}.Ad-Hoc|iPhone.Build.0 = Release|Any CPU
		{D64A83E3-ED37-490D-AE9E-323D5DD485C7}.Ad-Hoc|iPhone.Deploy.0 = Release|Any CPU
		{D64A83E3-ED37-490D-AE9E-323D5DD485C7}.Ad-Hoc|iPhoneSimulator.ActiveCfg = Release|Any CPU
		{D64A83E3-ED37-490D-AE9E-323D5DD485C7}.Ad-Hoc|iPhoneSimulator.Build.0 = Release|Any CPU
		{D64A83E3-ED37-490D-AE9E-323D5DD485C7}.Ad-Hoc|iPhoneSimulator.Deploy.0 = Release|Any CPU
		{D64A83E3-ED37-490D-AE9E-323D5DD485C7}.Ad-Hoc|x64.ActiveCfg = Release|x64
		{D64A83E3-ED37-490D-AE9E-323D5DD485C7}.Ad-Hoc|x64.Build.0 = Release|x64
		{D64A83E3-ED37-490D-AE9E-323D5DD485C7}.Ad-Hoc|x64.Deploy.0 = Release|x64
		{D64A83E3-ED37-490D-AE9E-323D5DD485C7}.Ad-Hoc|x86.ActiveCfg = Release|x86
		{D64A83E3-ED37-490D-AE9E-323D5DD485C7}.Ad-Hoc|x86.Build.0 = Release|x86
		{D64A83E3-ED37-490D-AE9E-323D5DD485C7}.Ad-Hoc|x86.Deploy.0 = Release|x86
		{D64A83E3-ED37-490D-AE9E-323D5DD485C7}.AppStore|Any CPU.ActiveCfg = Release|Any CPU
		{D64A83E3-ED37-490D-AE9E-323D5DD485C7}.AppStore|Any CPU.Build.0 = Release|Any CPU
		{D64A83E3-ED37-490D-AE9E-323D5DD485C7}.AppStore|Any CPU.Deploy.0 = Release|Any CPU
		{D64A83E3-ED37-490D-AE9E-323D5DD485C7}.AppStore|ARM.ActiveCfg = Release|ARM
		{D64A83E3-ED37-490D-AE9E-323D5DD485C7}.AppStore|ARM.Build.0 = Release|ARM
		{D64A83E3-ED37-490D-AE9E-323D5DD485C7}.AppStore|ARM.Deploy.0 = Release|ARM
		{D64A83E3-ED37-490D-AE9E-323D5DD485C7}.AppStore|iPhone.ActiveCfg = Release|Any CPU
		{D64A83E3-ED37-490D-AE9E-323D5DD485C7}.AppStore|iPhone.Build.0 = Release|Any CPU
		{D64A83E3-ED37-490D-AE9E-323D5DD485C7}.AppStore|iPhone.Deploy.0 = Release|Any CPU
		{D64A83E3-ED37-490D-AE9E-323D5DD485C7}.AppStore|iPhoneSimulator.ActiveCfg = Release|Any CPU
		{D64A83E3-ED37-490D-AE9E-323D5DD485C7}.AppStore|iPhoneSimulator.Build.0 = Release|Any CPU
		{D64A83E3-ED37-490D-AE9E-323D5DD485C7}.AppStore|iPhoneSimulator.Deploy.0 = Release|Any CPU
		{D64A83E3-ED37-490D-AE9E-323D5DD485C7}.AppStore|x64.ActiveCfg = Release|x64
		{D64A83E3-ED37-490D-AE9E-323D5DD485C7}.AppStore|x64.Build.0 = Release|x64
		{D64A83E3-ED37-490D-AE9E-323D5DD485C7}.AppStore|x64.Deploy.0 = Release|x64
		{D64A83E3-ED37-490D-AE9E-323D5DD485C7}.AppStore|x86.ActiveCfg = Release|x86
		{D64A83E3-ED37-490D-AE9E-323D5DD485C7}.AppStore|x86.Build.0 = Release|x86
		{D64A83E3-ED37-490D-AE9E-323D5DD485C7}.AppStore|x86.Deploy.0 = Release|x86
		{D64A83E3-ED37-490D-AE9E-323D5DD485C7}.Debug|Any CPU.ActiveCfg = Debug|Any CPU
		{D64A83E3-ED37-490D-AE9E-323D5DD485C7}.Debug|Any CPU.Build.0 = Debug|Any CPU
		{D64A83E3-ED37-490D-AE9E-323D5DD485C7}.Debug|Any CPU.Deploy.0 = Debug|Any CPU
		{D64A83E3-ED37-490D-AE9E-323D5DD485C7}.Debug|ARM.ActiveCfg = Debug|ARM
		{D64A83E3-ED37-490D-AE9E-323D5DD485C7}.Debug|ARM.Build.0 = Debug|ARM
		{D64A83E3-ED37-490D-AE9E-323D5DD485C7}.Debug|ARM.Deploy.0 = Debug|ARM
		{D64A83E3-ED37-490D-AE9E-323D5DD485C7}.Debug|iPhone.ActiveCfg = Debug|Any CPU
		{D64A83E3-ED37-490D-AE9E-323D5DD485C7}.Debug|iPhone.Build.0 = Debug|Any CPU
		{D64A83E3-ED37-490D-AE9E-323D5DD485C7}.Debug|iPhone.Deploy.0 = Debug|Any CPU
		{D64A83E3-ED37-490D-AE9E-323D5DD485C7}.Debug|iPhoneSimulator.ActiveCfg = Debug|Any CPU
		{D64A83E3-ED37-490D-AE9E-323D5DD485C7}.Debug|iPhoneSimulator.Build.0 = Debug|Any CPU
		{D64A83E3-ED37-490D-AE9E-323D5DD485C7}.Debug|iPhoneSimulator.Deploy.0 = Debug|Any CPU
		{D64A83E3-ED37-490D-AE9E-323D5DD485C7}.Debug|x64.ActiveCfg = Debug|x64
		{D64A83E3-ED37-490D-AE9E-323D5DD485C7}.Debug|x64.Build.0 = Debug|x64
		{D64A83E3-ED37-490D-AE9E-323D5DD485C7}.Debug|x64.Deploy.0 = Debug|x64
		{D64A83E3-ED37-490D-AE9E-323D5DD485C7}.Debug|x86.ActiveCfg = Debug|x86
		{D64A83E3-ED37-490D-AE9E-323D5DD485C7}.Debug|x86.Build.0 = Debug|x86
		{D64A83E3-ED37-490D-AE9E-323D5DD485C7}.Debug|x86.Deploy.0 = Debug|x86
		{D64A83E3-ED37-490D-AE9E-323D5DD485C7}.Release|Any CPU.ActiveCfg = Release|Any CPU
		{D64A83E3-ED37-490D-AE9E-323D5DD485C7}.Release|Any CPU.Build.0 = Release|Any CPU
		{D64A83E3-ED37-490D-AE9E-323D5DD485C7}.Release|Any CPU.Deploy.0 = Release|Any CPU
		{D64A83E3-ED37-490D-AE9E-323D5DD485C7}.Release|ARM.ActiveCfg = Release|ARM
		{D64A83E3-ED37-490D-AE9E-323D5DD485C7}.Release|ARM.Build.0 = Release|ARM
		{D64A83E3-ED37-490D-AE9E-323D5DD485C7}.Release|ARM.Deploy.0 = Release|ARM
		{D64A83E3-ED37-490D-AE9E-323D5DD485C7}.Release|iPhone.ActiveCfg = Release|Any CPU
		{D64A83E3-ED37-490D-AE9E-323D5DD485C7}.Release|iPhone.Build.0 = Release|Any CPU
		{D64A83E3-ED37-490D-AE9E-323D5DD485C7}.Release|iPhone.Deploy.0 = Release|Any CPU
		{D64A83E3-ED37-490D-AE9E-323D5DD485C7}.Release|iPhoneSimulator.ActiveCfg = Release|Any CPU
		{D64A83E3-ED37-490D-AE9E-323D5DD485C7}.Release|iPhoneSimulator.Build.0 = Release|Any CPU
		{D64A83E3-ED37-490D-AE9E-323D5DD485C7}.Release|iPhoneSimulator.Deploy.0 = Release|Any CPU
		{D64A83E3-ED37-490D-AE9E-323D5DD485C7}.Release|x64.ActiveCfg = Release|x64
		{D64A83E3-ED37-490D-AE9E-323D5DD485C7}.Release|x64.Build.0 = Release|x64
		{D64A83E3-ED37-490D-AE9E-323D5DD485C7}.Release|x64.Deploy.0 = Release|x64
		{D64A83E3-ED37-490D-AE9E-323D5DD485C7}.Release|x86.ActiveCfg = Release|x86
		{D64A83E3-ED37-490D-AE9E-323D5DD485C7}.Release|x86.Build.0 = Release|x86
		{D64A83E3-ED37-490D-AE9E-323D5DD485C7}.Release|x86.Deploy.0 = Release|x86
	EndGlobalSection
	GlobalSection(SolutionProperties) = preSolution
		HideSolutionNode = FALSE
	EndGlobalSection
EndGlobal
